
Microsoft Visual Studio Solution File, Format Version 12.00
# Visual Studio Version 17
VisualStudioVersion = 17.0.31903.59
MinimumVisualStudioVersion = 10.0.40219.1
Project("{FAE04EC0-301F-11D3-BF4B-00C04F79EFBC}") = "MsgFlux.Core", "MsgFlux.Core\MsgFlux.Core.csproj", "{620CE645-AAC5-4851-A8EC-09DEF002E760}"
EndProject
Project("{FAE04EC0-301F-11D3-BF4B-00C04F79EFBC}") = "MsgFlux.Core.Tests", "MsgFlux.Core.Tests\MsgFlux.Core.Tests.csproj", "{1447BD38-4F26-42EC-8F2E-9AA96BA30DB3}"
EndProject
Project("{FAE04EC0-301F-11D3-BF4B-00C04F79EFBC}") = "MsgFlux.Demo", "MsgFlux.Demo\MsgFlux.Demo.csproj", "{C23845BB-BAF1-4B81-8031-0BBCC9EA2F0C}"
EndProject
Project("{FAE04EC0-301F-11D3-BF4B-00C04F79EFBC}") = "MsgFlux.Core.Benchmarks", "MsgFlux.Core.Benchmarks\MsgFlux.Core.Benchmarks.csproj", "{65D311D0-F32B-4548-96C5-004923D16CC4}"
EndProject
Global
	GlobalSection(SolutionConfigurationPlatforms) = preSolution
		Debug|Any CPU = Debug|Any CPU
		Debug|x64 = Debug|x64
		Debug|x86 = Debug|x86
		Release|Any CPU = Release|Any CPU
		Release|x64 = Release|x64
		Release|x86 = Release|x86
	EndGlobalSection
	GlobalSection(ProjectConfigurationPlatforms) = postSolution
		{620CE645-AAC5-4851-A8EC-09DEF002E760}.Debug|Any CPU.ActiveCfg = Debug|Any CPU
		{620CE645-AAC5-4851-A8EC-09DEF002E760}.Debug|Any CPU.Build.0 = Debug|Any CPU
		{620CE645-AAC5-4851-A8EC-09DEF002E760}.Debug|x64.ActiveCfg = Debug|Any CPU
		{620CE645-AAC5-4851-A8EC-09DEF002E760}.Debug|x64.Build.0 = Debug|Any CPU
		{620CE645-AAC5-4851-A8EC-09DEF002E760}.Debug|x86.ActiveCfg = Debug|Any CPU
		{620CE645-AAC5-4851-A8EC-09DEF002E760}.Debug|x86.Build.0 = Debug|Any CPU
		{620CE645-AAC5-4851-A8EC-09DEF002E760}.Release|Any CPU.ActiveCfg = Release|Any CPU
		{620CE645-AAC5-4851-A8EC-09DEF002E760}.Release|Any CPU.Build.0 = Release|Any CPU
		{620CE645-AAC5-4851-A8EC-09DEF002E760}.Release|x64.ActiveCfg = Release|Any CPU
		{620CE645-AAC5-4851-A8EC-09DEF002E760}.Release|x64.Build.0 = Release|Any CPU
		{620CE645-AAC5-4851-A8EC-09DEF002E760}.Release|x86.ActiveCfg = Release|Any CPU
		{620CE645-AAC5-4851-A8EC-09DEF002E760}.Release|x86.Build.0 = Release|Any CPU
		{1447BD38-4F26-42EC-8F2E-9AA96BA30DB3}.Debug|Any CPU.ActiveCfg = Debug|Any CPU
		{1447BD38-4F26-42EC-8F2E-9AA96BA30DB3}.Debug|Any CPU.Build.0 = Debug|Any CPU
		{1447BD38-4F26-42EC-8F2E-9AA96BA30DB3}.Debug|x64.ActiveCfg = Debug|Any CPU
		{1447BD38-4F26-42EC-8F2E-9AA96BA30DB3}.Debug|x64.Build.0 = Debug|Any CPU
		{1447BD38-4F26-42EC-8F2E-9AA96BA30DB3}.Debug|x86.ActiveCfg = Debug|Any CPU
		{1447BD38-4F26-42EC-8F2E-9AA96BA30DB3}.Debug|x86.Build.0 = Debug|Any CPU
		{1447BD38-4F26-42EC-8F2E-9AA96BA30DB3}.Release|Any CPU.ActiveCfg = Release|Any CPU
		{1447BD38-4F26-42EC-8F2E-9AA96BA30DB3}.Release|Any CPU.Build.0 = Release|Any CPU
		{1447BD38-4F26-42EC-8F2E-9AA96BA30DB3}.Release|x64.ActiveCfg = Release|Any CPU
		{1447BD38-4F26-42EC-8F2E-9AA96BA30DB3}.Release|x64.Build.0 = Release|Any CPU
		{1447BD38-4F26-42EC-8F2E-9AA96BA30DB3}.Release|x86.ActiveCfg = Release|Any CPU
		{1447BD38-4F26-42EC-8F2E-9AA96BA30DB3}.Release|x86.Build.0 = Release|Any CPU
		{C23845BB-BAF1-4B81-8031-0BBCC9EA2F0C}.Debug|Any CPU.ActiveCfg = Debug|Any CPU
		{C23845BB-BAF1-4B81-8031-0BBCC9EA2F0C}.Debug|Any CPU.Build.0 = Debug|Any CPU
		{C23845BB-BAF1-4B81-8031-0BBCC9EA2F0C}.Debug|x64.ActiveCfg = Debug|Any CPU
		{C23845BB-BAF1-4B81-8031-0BBCC9EA2F0C}.Debug|x64.Build.0 = Debug|Any CPU
		{C23845BB-BAF1-4B81-8031-0BBCC9EA2F0C}.Debug|x86.ActiveCfg = Debug|Any CPU
		{C23845BB-BAF1-4B81-8031-0BBCC9EA2F0C}.Debug|x86.Build.0 = Debug|Any CPU
		{C23845BB-BAF1-4B81-8031-0BBCC9EA2F0C}.Release|Any CPU.ActiveCfg = Release|Any CPU
		{C23845BB-BAF1-4B81-8031-0BBCC9EA2F0C}.Release|Any CPU.Build.0 = Release|Any CPU
		{C23845BB-BAF1-4B81-8031-0BBCC9EA2F0C}.Release|x64.ActiveCfg = Release|Any CPU
		{C23845BB-BAF1-4B81-8031-0BBCC9EA2F0C}.Release|x64.Build.0 = Release|Any CPU
		{C23845BB-BAF1-4B81-8031-0BBCC9EA2F0C}.Release|x86.ActiveCfg = Release|Any CPU
		{C23845BB-BAF1-4B81-8031-0BBCC9EA2F0C}.Release|x86.Build.0 = Release|Any CPU
		{65D311D0-F32B-4548-96C5-004923D16CC4}.Debug|Any CPU.ActiveCfg = Debug|Any CPU
		{65D311D0-F32B-4548-96C5-004923D16CC4}.Debug|Any CPU.Build.0 = Debug|Any CPU
		{65D311D0-F32B-4548-96C5-004923D16CC4}.Debug|x64.ActiveCfg = Debug|Any CPU
		{65D311D0-F32B-4548-96C5-004923D16CC4}.Debug|x64.Build.0 = Debug|Any CPU
		{65D311D0-F32B-4548-96C5-004923D16CC4}.Debug|x86.ActiveCfg = Debug|Any CPU
		{65D311D0-F32B-4548-96C5-004923D16CC4}.Debug|x86.Build.0 = Debug|Any CPU
		{65D311D0-F32B-4548-96C5-004923D16CC4}.Release|Any CPU.ActiveCfg = Release|Any CPU
		{65D311D0-F32B-4548-96C5-004923D16CC4}.Release|Any CPU.Build.0 = Release|Any CPU
		{65D311D0-F32B-4548-96C5-004923D16CC4}.Release|x64.ActiveCfg = Release|Any CPU
		{65D311D0-F32B-4548-96C5-004923D16CC4}.Release|x64.Build.0 = Release|Any CPU
		{65D311D0-F32B-4548-96C5-004923D16CC4}.Release|x86.ActiveCfg = Release|Any CPU
		{65D311D0-F32B-4548-96C5-004923D16CC4}.Release|x86.Build.0 = Release|Any CPU
	EndGlobalSection
	GlobalSection(SolutionProperties) = preSolution
		HideSolutionNode = FALSE
	EndGlobalSection
EndGlobal
